{
  "requires": true,
  "lockfileVersion": 1,
  "dependencies": {
    "uribuilder": {
      "version": "1.0.5",
      "resolved": "https://registry.npmjs.org/uribuilder/-/uribuilder-1.0.5.tgz",
      "integrity": "sha512-t+vhTq+igE/wuSdeThOQCcHiPVs+RBkC+6BC8cBe1oiI0B5QCMVOEXixythb9RVX/CxkedVnJyGdYIAMklyAkg=="
    },
    "vue-material": {
      "version": "1.0.0-beta-11",
      "resolved": "https://registry.npmjs.org/vue-material/-/vue-material-1.0.0-beta-11.tgz",
      "integrity": "sha512-1+dIVkQafMIA/zNONb7OwGaTjAxaWk/JhUA2/FInQvbArxf1ToKB+yIdeSfzopQ1KICnBTAmk9E0Vdr5p4MWNA=="
    }
  }
}
